// !$*UTF8*$!
{
	archiveVersion = 1;
	classes = {
	};
	objectVersion = 50;
	objects = {

/* Begin PBXBuildFile section */
		38964DBA23C4657A00BAA2CA /* AppDelegate.swift in Sources */ = {isa = PBXBuildFile; fileRef = 38964DB923C4657A00BAA2CA /* AppDelegate.swift */; };
		38964DBC23C4657A00BAA2CA /* SceneDelegate.swift in Sources */ = {isa = PBXBuildFile; fileRef = 38964DBB23C4657A00BAA2CA /* SceneDelegate.swift */; };
		38964DBE23C4657A00BAA2CA /* MeditationViewController.swift in Sources */ = {isa = PBXBuildFile; fileRef = 38964DBD23C4657A00BAA2CA /* MeditationViewController.swift */; };
		38964DC123C4657A00BAA2CA /* Main.storyboard in Resources */ = {isa = PBXBuildFile; fileRef = 38964DBF23C4657A00BAA2CA /* Main.storyboard */; };
		38964DC323C4657E00BAA2CA /* Assets.xcassets in Resources */ = {isa = PBXBuildFile; fileRef = 38964DC223C4657E00BAA2CA /* Assets.xcassets */; };
		38964DC623C4657E00BAA2CA /* LaunchScreen.storyboard in Resources */ = {isa = PBXBuildFile; fileRef = 38964DC423C4657E00BAA2CA /* LaunchScreen.storyboard */; };
		38964DD023C466D500BAA2CA /* MeditationTimeline.swift in Sources */ = {isa = PBXBuildFile; fileRef = 38964DCF23C466D500BAA2CA /* MeditationTimeline.swift */; };
		38964DD223C466F600BAA2CA /* DateIndex.swift in Sources */ = {isa = PBXBuildFile; fileRef = 38964DD123C466F600BAA2CA /* DateIndex.swift */; };
/* End PBXBuildFile section */

/* Begin PBXFileReference section */
		38964DB623C4657A00BAA2CA /* MeditationGallery.app */ = {isa = PBXFileReference; explicitFileType = wrapper.application; includeInIndex = 0; path = MeditationGallery.app; sourceTree = BUILT_PRODUCTS_DIR; };
		38964DB923C4657A00BAA2CA /* AppDelegate.swift */ = {isa = PBXFileReference; lastKnownFileType = sourcecode.swift; path = AppDelegate.swift; sourceTree = "<group>"; };
		38964DBB23C4657A00BAA2CA /* SceneDelegate.swift */ = {isa = PBXFileReference; lastKnownFileType = sourcecode.swift; path = SceneDelegate.swift; sourceTree = "<group>"; };
		38964DBD23C4657A00BAA2CA /* MeditationViewController.swift */ = {isa = PBXFileReference; lastKnownFileType = sourcecode.swift; path = MeditationViewController.swift; sourceTree = "<group>"; };
		38964DC023C4657A00BAA2CA /* Base */ = {isa = PBXFileReference; lastKnownFileType = file.storyboard; name = Base; path = Base.lproj/Main.storyboard; sourceTree = "<group>"; };
		38964DC223C4657E00BAA2CA /* Assets.xcassets */ = {isa = PBXFileReference; lastKnownFileType = folder.assetcatalog; path = Assets.xcassets; sourceTree = "<group>"; };
		38964DC523C4657E00BAA2CA /* Base */ = {isa = PBXFileReference; lastKnownFileType = file.storyboard; name = Base; path = Base.lproj/LaunchScreen.storyboard; sourceTree = "<group>"; };
		38964DC723C4657E00BAA2CA /* Info.plist */ = {isa = PBXFileReference; lastKnownFileType = text.plist.xml; path = Info.plist; sourceTree = "<group>"; };
		38964DCF23C466D500BAA2CA /* MeditationTimeline.swift */ = {isa = PBXFileReference; lastKnownFileType = sourcecode.swift; path = MeditationTimeline.swift; sourceTree = "<group>"; };
		38964DD123C466F600BAA2CA /* DateIndex.swift */ = {isa = PBXFileReference; lastKnownFileType = sourcecode.swift; path = DateIndex.swift; sourceTree = "<group>"; };
/* End PBXFileReference section */

/* Begin PBXFrameworksBuildPhase section */
		38964DB323C4657A00BAA2CA /* Frameworks */ = {
			isa = PBXFrameworksBuildPhase;
			buildActionMask = 2147483647;
			files = (
			);
			runOnlyForDeploymentPostprocessing = 0;
		};
/* End PBXFrameworksBuildPhase section */

/* Begin PBXGroup section */
		38964DAD23C4657A00BAA2CA = {
			isa = PBXGroup;
			children = (
				38964DB823C4657A00BAA2CA /* MeditationGallery */,
				38964DB723C4657A00BAA2CA /* Products */,
			);
			sourceTree = "<group>";
		};
		38964DB723C4657A00BAA2CA /* Products */ = {
			isa = PBXGroup;
			children = (
				38964DB623C4657A00BAA2CA /* MeditationGallery.app */,
			);
			name = Products;
			sourceTree = "<group>";
		};
		38964DB823C4657A00BAA2CA /* MeditationGallery */ = {
			isa = PBXGroup;
			children = (
				38964DD423C467BC00BAA2CA /* GalleryModules */,
				38964DCE23C4667600BAA2CA /* TimelineModules */,
				38964DBF23C4657A00BAA2CA /* Main.storyboard */,
				38964DBD23C4657A00BAA2CA /* MeditationViewController.swift */,
				38964DC223C4657E00BAA2CA /* Assets.xcassets */,
				38964DCD23C4659E00BAA2CA /* SupportingFiles */,
				38964DC723C4657E00BAA2CA /* Info.plist */,
			);
			path = MeditationGallery;
			sourceTree = "<group>";
		};
		38964DCD23C4659E00BAA2CA /* SupportingFiles */ = {
			isa = PBXGroup;
			children = (
				38964DB923C4657A00BAA2CA /* AppDelegate.swift */,
				38964DBB23C4657A00BAA2CA /* SceneDelegate.swift */,
				38964DC423C4657E00BAA2CA /* LaunchScreen.storyboard */,
			);
			path = SupportingFiles;
			sourceTree = "<group>";
		};
		38964DCE23C4667600BAA2CA /* TimelineModules */ = {
			isa = PBXGroup;
			children = (
				38964DCF23C466D500BAA2CA /* MeditationTimeline.swift */,
				38964DD123C466F600BAA2CA /* DateIndex.swift */,
			);
			path = TimelineModules;
			sourceTree = "<group>";
		};
		38964DD423C467BC00BAA2CA /* GalleryModules */ = {
			isa = PBXGroup;
			children = (
			);
			path = GalleryModules;
			sourceTree = "<group>";
		};
/* End PBXGroup section */

/* Begin PBXNativeTarget section */
		38964DB523C4657A00BAA2CA /* MeditationGallery */ = {
			isa = PBXNativeTarget;
			buildConfigurationList = 38964DCA23C4657E00BAA2CA /* Build configuration list for PBXNativeTarget "MeditationGallery" */;
			buildPhases = (
				38964DB223C4657A00BAA2CA /* Sources */,
				38964DB323C4657A00BAA2CA /* Frameworks */,
				38964DB423C4657A00BAA2CA /* Resources */,
			);
			buildRules = (
			);
			dependencies = (
			);
			name = MeditationGallery;
			productName = MeditationGallery;
			productReference = 38964DB623C4657A00BAA2CA /* MeditationGallery.app */;
			productType = "com.apple.product-type.application";
		};
/* End PBXNativeTarget section */

/* Begin PBXProject section */
		38964DAE23C4657A00BAA2CA /* Project object */ = {
			isa = PBXProject;
			attributes = {
				LastSwiftUpdateCheck = 1130;
				LastUpgradeCheck = 1130;
				ORGANIZATIONNAME = JSKeum;
				TargetAttributes = {
					38964DB523C4657A00BAA2CA = {
						CreatedOnToolsVersion = 11.3;
					};
				};
			};
			buildConfigurationList = 38964DB123C4657A00BAA2CA /* Build configuration list for PBXProject "MeditationGallery" */;
			compatibilityVersion = "Xcode 9.3";
			developmentRegion = en;
			hasScannedForEncodings = 0;
			knownRegions = (
				en,
				Base,
			);
			mainGroup = 38964DAD23C4657A00BAA2CA;
			productRefGroup = 38964DB723C4657A00BAA2CA /* Products */;
			projectDirPath = "";
			projectRoot = "";
			targets = (
				38964DB523C4657A00BAA2CA /* MeditationGallery */,
			);
		};
/* End PBXProject section */

/* Begin PBXResourcesBuildPhase section */
		38964DB423C4657A00BAA2CA /* Resources */ = {
			isa = PBXResourcesBuildPhase;
			buildActionMask = 2147483647;
			files = (
				38964DC623C4657E00BAA2CA /* LaunchScreen.storyboard in Resources */,
				38964DC323C4657E00BAA2CA /* Assets.xcassets in Resources */,
				38964DC123C4657A00BAA2CA /* Main.storyboard in Resources */,
			);
			runOnlyForDeploymentPostprocessing = 0;
		};
/* End PBXResourcesBuildPhase section */

/* Begin PBXSourcesBuildPhase section */
		38964DB223C4657A00BAA2CA /* Sources */ = {
			isa = PBXSourcesBuildPhase;
			buildActionMask = 2147483647;
			files = (
				38964DD223C466F600BAA2CA /* DateIndex.swift in Sources */,
				38964DD023C466D500BAA2CA /* MeditationTimeline.swift in Sources */,
				38964DBE23C4657A00BAA2CA /* MeditationViewController.swift in Sources */,
				38964DBA23C4657A00BAA2CA /* AppDelegate.swift in Sources */,
				38964DBC23C4657A00BAA2CA /* SceneDelegate.swift in Sources */,
			);
			runOnlyForDeploymentPostprocessing = 0;
		};
/* End PBXSourcesBuildPhase section */

/* Begin PBXVariantGroup section */
		38964DBF23C4657A00BAA2CA /* Main.storyboard */ = {
			isa = PBXVariantGroup;
			children = (
				38964DC023C4657A00BAA2CA /* Base */,
			);
			name = Main.storyboard;
			sourceTree = "<group>";
		};
		38964DC423C4657E00BAA2CA /* LaunchScreen.storyboard */ = {
			isa = PBXVariantGroup;
			children = (
				38964DC523C4657E00BAA2CA /* Base */,
			);
			name = LaunchScreen.storyboard;
			sourceTree = "<group>";
		};
/* End PBXVariantGroup section */

/* Begin XCBuildConfiguration section */
		38964DC823C4657E00BAA2CA /* Debug */ = {
			isa = XCBuildConfiguration;
			buildSettings = {
				ALWAYS_SEARCH_USER_PATHS = NO;
				CLANG_ANALYZER_NONNULL = YES;
				CLANG_ANALYZER_NUMBER_OBJECT_CONVERSION = YES_AGGRESSIVE;
				CLANG_CXX_LANGUAGE_STANDARD = "gnu++14";
				CLANG_CXX_LIBRARY = "libc++";
				CLANG_ENABLE_MODULES = YES;
				CLANG_ENABLE_OBJC_ARC = YES;
				CLANG_ENABLE_OBJC_WEAK = YES;
				CLANG_WARN_BLOCK_CAPTURE_AUTORELEASING = YES;
				CLANG_WARN_BOOL_CONVERSION = YES;
				CLANG_WARN_COMMA = YES;
				CLANG_WARN_CONSTANT_CONVERSION = YES;
				CLANG_WARN_DEPRECATED_OBJC_IMPLEMENTATIONS = YES;
				CLANG_WARN_DIRECT_OBJC_ISA_USAGE = YES_ERROR;
				CLANG_WARN_DOCUMENTATION_COMMENTS = YES;
				CLANG_WARN_EMPTY_BODY = YES;
				CLANG_WARN_ENUM_CONVERSION = YES;
				CLANG_WARN_INFINITE_RECURSION = YES;
				CLANG_WARN_INT_CONVERSION = YES;
				CLANG_WARN_NON_LITERAL_NULL_CONVERSION = YES;
				CLANG_WARN_OBJC_IMPLICIT_RETAIN_SELF = YES;
				CLANG_WARN_OBJC_LITERAL_CONVERSION = YES;
				CLANG_WARN_OBJC_ROOT_CLASS = YES_ERROR;
				CLANG_WARN_RANGE_LOOP_ANALYSIS = YES;
				CLANG_WARN_STRICT_PROTOTYPES = YES;
				CLANG_WARN_SUSPICIOUS_MOVE = YES;
				CLANG_WARN_UNGUARDED_AVAILABILITY = YES_AGGRESSIVE;
				CLANG_WARN_UNREACHABLE_CODE = YES;
				CLANG_WARN__DUPLICATE_METHOD_MATCH = YES;
				COPY_PHASE_STRIP = NO;
				DEBUG_INFORMATION_FORMAT = dwarf;
				ENABLE_STRICT_OBJC_MSGSEND = YES;
				ENABLE_TESTABILITY = YES;
				GCC_C_LANGUAGE_STANDARD = gnu11;
				GCC_DYNAMIC_NO_PIC = NO;
				GCC_NO_COMMON_BLOCKS = YES;
				GCC_OPTIMIZATION_LEVEL = 0;
				GCC_PREPROCESSOR_DEFINITIONS = (
					"DEBUG=1",
					"$(inherited)",
				);
				GCC_WARN_64_TO_32_BIT_CONVERSION = YES;
				GCC_WARN_ABOUT_RETURN_TYPE = YES_ERROR;
				GCC_WARN_UNDECLARED_SELECTOR = YES;
				GCC_WARN_UNINITIALIZED_AUTOS = YES_AGGRESSIVE;
				GCC_WARN_UNUSED_FUNCTION = YES;
				GCC_WARN_UNUSED_VARIABLE = YES;
				IPHONEOS_DEPLOYMENT_TARGET = 13.2;
				MTL_ENABLE_DEBUG_INFO = INCLUDE_SOURCE;
				MTL_FAST_MATH = YES;
				ONLY_ACTIVE_ARCH = YES;
				SDKROOT = iphoneos;
				SWIFT_ACTIVE_COMPILATION_CONDITIONS = DEBUG;
				SWIFT_OPTIMIZATION_LEVEL = "-Onone";
			};
			name = Debug;
		};
		38964DC923C4657E00BAA2CA /* Release */ = {
			isa = XCBuildConfiguration;
			buildSettings = {
				ALWAYS_SEARCH_USER_PATHS = NO;
				CLANG_ANALYZER_NONNULL = YES;
				CLANG_ANALYZER_NUMBER_OBJECT_CONVERSION = YES_AGGRESSIVE;
				CLANG_CXX_LANGUAGE_STANDARD = "gnu++14";
				CLANG_CXX_LIBRARY = "libc++";
				CLANG_ENABLE_MODULES = YES;
				CLANG_ENABLE_OBJC_ARC = YES;
				CLANG_ENABLE_OBJC_WEAK = YES;
				CLANG_WARN_BLOCK_CAPTURE_AUTORELEASING = YES;
				CLANG_WARN_BOOL_CONVERSION = YES;
				CLANG_WARN_COMMA = YES;
				CLANG_WARN_CONSTANT_CONVERSION = YES;
				CLANG_WARN_DEPRECATED_OBJC_IMPLEMENTATIONS = YES;
				CLANG_WARN_DIRECT_OBJC_ISA_USAGE = YES_ERROR;
				CLANG_WARN_DOCUMENTATION_COMMENTS = YES;
				CLANG_WARN_EMPTY_BODY = YES;
				CLANG_WARN_ENUM_CONVERSION = YES;
				CLANG_WARN_INFINITE_RECURSION = YES;
				CLANG_WARN_INT_CONVERSION = YES;
				CLANG_WARN_NON_LITERAL_NULL_CONVERSION = YES;
				CLANG_WARN_OBJC_IMPLICIT_RETAIN_SELF = YES;
				CLANG_WARN_OBJC_LITERAL_CONVERSION = YES;
				CLANG_WARN_OBJC_ROOT_CLASS = YES_ERROR;
				CLANG_WARN_RANGE_LOOP_ANALYSIS = YES;
				CLANG_WARN_STRICT_PROTOTYPES = YES;
				CLANG_WARN_SUSPICIOUS_MOVE = YES;
				CLANG_WARN_UNGUARDED_AVAILABILITY = YES_AGGRESSIVE;
				CLANG_WARN_UNREACHABLE_CODE = YES;
				CLANG_WARN__DUPLICATE_METHOD_MATCH = YES;
				COPY_PHASE_STRIP = NO;
				DEBUG_INFORMATION_FORMAT = "dwarf-with-dsym";
				ENABLE_NS_ASSERTIONS = NO;
				ENABLE_STRICT_OBJC_MSGSEND = YES;
				GCC_C_LANGUAGE_STANDARD = gnu11;
				GCC_NO_COMMON_BLOCKS = YES;
				GCC_WARN_64_TO_32_BIT_CONVERSION = YES;
				GCC_WARN_ABOUT_RETURN_TYPE = YES_ERROR;
				GCC_WARN_UNDECLARED_SELECTOR = YES;
				GCC_WARN_UNINITIALIZED_AUTOS = YES_AGGRESSIVE;
				GCC_WARN_UNUSED_FUNCTION = YES;
				GCC_WARN_UNUSED_VARIABLE = YES;
				IPHONEOS_DEPLOYMENT_TARGET = 13.2;
				MTL_ENABLE_DEBUG_INFO = NO;
				MTL_FAST_MATH = YES;
				SDKROOT = iphoneos;
				SWIFT_COMPILATION_MODE = wholemodule;
				SWIFT_OPTIMIZATION_LEVEL = "-O";
				VALIDATE_PRODUCT = YES;
			};
			name = Release;
		};
		38964DCB23C4657E00BAA2CA /* Debug */ = {
			isa = XCBuildConfiguration;
			buildSettings = {
				ASSETCATALOG_COMPILER_APPICON_NAME = AppIcon;
				CODE_SIGN_STYLE = Automatic;
				INFOPLIST_FILE = MeditationGallery/Info.plist;
				LD_RUNPATH_SEARCH_PATHS = (
					"$(inherited)",
					"@executable_path/Frameworks",
				);
				PRODUCT_BUNDLE_IDENTIFIER = com.MeditationGallery;
				PRODUCT_NAME = "$(TARGET_NAME)";
				SWIFT_VERSION = 5.0;
				TARGETED_DEVICE_FAMILY = "1,2";
			};
			name = Debug;
		};
		38964DCC23C4657E00BAA2CA /* Release */ = {
			isa = XCBuildConfiguration;
			buildSettings = {
				ASSETCATALOG_COMPILER_APPICON_NAME = AppIcon;
				CODE_SIGN_STYLE = Automatic;
				INFOPLIST_FILE = MeditationGallery/Info.plist;
				LD_RUNPATH_SEARCH_PATHS = (
					"$(inherited)",
					"@executable_path/Frameworks",
				);
				PRODUCT_BUNDLE_IDENTIFIER = com.MeditationGallery;
				PRODUCT_NAME = "$(TARGET_NAME)";
				SWIFT_VERSION = 5.0;
				TARGETED_DEVICE_FAMILY = "1,2";
			};
			name = Release;
		};
/* End XCBuildConfiguration section */

/* Begin XCConfigurationList section */
		38964DB123C4657A00BAA2CA /* Build configuration list for PBXProject "MeditationGallery" */ = {
			isa = XCConfigurationList;
			buildConfigurations = (
				38964DC823C4657E00BAA2CA /* Debug */,
				38964DC923C4657E00BAA2CA /* Release */,
			);
			defaultConfigurationIsVisible = 0;
			defaultConfigurationName = Release;
		};
		38964DCA23C4657E00BAA2CA /* Build configuration list for PBXNativeTarget "MeditationGallery" */ = {
			isa = XCConfigurationList;
			buildConfigurations = (
				38964DCB23C4657E00BAA2CA /* Debug */,
				38964DCC23C4657E00BAA2CA /* Release */,
			);
			defaultConfigurationIsVisible = 0;
			defaultConfigurationName = Release;
		};
/* End XCConfigurationList section */
	};
	rootObject = 38964DAE23C4657A00BAA2CA /* Project object */;
}
